
Microsoft Visual Studio Solution File, Format Version 12.00
Project("{FAE04EC0-301F-11D3-BF4B-00C04F79EFBC}") = "kartkowkaMVC", "kartkowkaMVC.csproj", "{5D6F1288-A24A-4FC2-A72A-E007B10557CF}"
EndProject
Global
	GlobalSection(SolutionConfigurationPlatforms) = preSolution
		Debug|Any CPU = Debug|Any CPU
		Release|Any CPU = Release|Any CPU
	EndGlobalSection
	GlobalSection(ProjectConfigurationPlatforms) = postSolution
		{5D6F1288-A24A-4FC2-A72A-E007B10557CF}.Debug|Any CPU.ActiveCfg = Debug|Any CPU
		{5D6F1288-A24A-4FC2-A72A-E007B10557CF}.Debug|Any CPU.Build.0 = Debug|Any CPU
		{5D6F1288-A24A-4FC2-A72A-E007B10557CF}.Release|Any CPU.ActiveCfg = Release|Any CPU
		{5D6F1288-A24A-4FC2-A72A-E007B10557CF}.Release|Any CPU.Build.0 = Release|Any CPU
	EndGlobalSection
EndGlobal
